
Microsoft Visual Studio Solution File, Format Version 12.00
# Visual Studio Version 16
VisualStudioVersion = 16.0.31424.327
MinimumVisualStudioVersion = 10.0.40219.1
Project("{FAE04EC0-301F-11D3-BF4B-00C04F79EFBC}") = "ValidationDataAnnotation", "ValidationDataAnnotation\ValidationDataAnnotation.csproj", "{753154DA-2A32-4A40-9F21-B9C2DB817356}"
EndProject
Global
	GlobalSection(SolutionConfigurationPlatforms) = preSolution
		Debug|Any CPU = Debug|Any CPU
		Release|Any CPU = Release|Any CPU
	EndGlobalSection
	GlobalSection(ProjectConfigurationPlatforms) = postSolution
		{753154DA-2A32-4A40-9F21-B9C2DB817356}.Debug|Any CPU.ActiveCfg = Debug|Any CPU
		{753154DA-2A32-4A40-9F21-B9C2DB817356}.Debug|Any CPU.Build.0 = Debug|Any CPU
		{753154DA-2A32-4A40-9F21-B9C2DB817356}.Release|Any CPU.ActiveCfg = Release|Any CPU
		{753154DA-2A32-4A40-9F21-B9C2DB817356}.Release|Any CPU.Build.0 = Release|Any CPU
	EndGlobalSection
	GlobalSection(SolutionProperties) = preSolution
		HideSolutionNode = FALSE
	EndGlobalSection
	GlobalSection(ExtensibilityGlobals) = postSolution
		SolutionGuid = {5244D89D-9731-44FD-920F-8B589D4139AD}
	EndGlobalSection
EndGlobal
